
Microsoft Visual Studio Solution File, Format Version 12.00
# Visual Studio Version 17
VisualStudioVersion = 17.5.33414.496
MinimumVisualStudioVersion = 10.0.40219.1
Project("{FAE04EC0-301F-11D3-BF4B-00C04F79EFBC}") = "web service client", "web service client\web service client.csproj", "{2840CFB4-EDEF-4CDF-A6D5-A4D75C354529}"
EndProject
Global
	GlobalSection(SolutionConfigurationPlatforms) = preSolution
		Debug|Any CPU = Debug|Any CPU
		Release|Any CPU = Release|Any CPU
	EndGlobalSection
	GlobalSection(ProjectConfigurationPlatforms) = postSolution
		{2840CFB4-EDEF-4CDF-A6D5-A4D75C354529}.Debug|Any CPU.ActiveCfg = Debug|Any CPU
		{2840CFB4-EDEF-4CDF-A6D5-A4D75C354529}.Debug|Any CPU.Build.0 = Debug|Any CPU
		{2840CFB4-EDEF-4CDF-A6D5-A4D75C354529}.Release|Any CPU.ActiveCfg = Release|Any CPU
		{2840CFB4-EDEF-4CDF-A6D5-A4D75C354529}.Release|Any CPU.Build.0 = Release|Any CPU
	EndGlobalSection
	GlobalSection(SolutionProperties) = preSolution
		HideSolutionNode = FALSE
	EndGlobalSection
	GlobalSection(ExtensibilityGlobals) = postSolution
		SolutionGuid = {EAFA2032-3977-40D9-BFF4-A958A91FB49C}
	EndGlobalSection
EndGlobal
